
Microsoft Visual Studio Solution File, Format Version 12.00
# Visual Studio Version 17
VisualStudioVersion = 17.0.31903.59
MinimumVisualStudioVersion = 10.0.40219.1
Project("{FAE04EC0-301F-11D3-BF4B-00C04F79EFBC}") = "PinionCore.MarkdownEmbedder.Core", "PinionCore.MarkdownEmbedder.Core\PinionCore.MarkdownEmbedder.Core.csproj", "{A1FE39A9-92D9-4AC5-8073-2328DE483F47}"
EndProject
Project("{FAE04EC0-301F-11D3-BF4B-00C04F79EFBC}") = "PinionCore.MarkdownEmbedder.CoreTests", "PinionCore.MarkdownEmbedder.CoreTests\PinionCore.MarkdownEmbedder.CoreTests.csproj", "{D94B3FD6-90C3-4CDF-B92E-E05B3F2DE991}"
EndProject
Project("{FAE04EC0-301F-11D3-BF4B-00C04F79EFBC}") = "PinionCore.MarkdownEmbedder.Explainers", "PinionCore.MarkdownEmbedder.Explainers\PinionCore.MarkdownEmbedder.Explainers.csproj", "{FA506209-1523-4AFC-92A0-B4A03AFCBD39}"
EndProject
Project("{FAE04EC0-301F-11D3-BF4B-00C04F79EFBC}") = "PinionCore.MarkdownEmbedder.Console", "PinionCore.MarkdownEmbedder.Console\PinionCore.MarkdownEmbedder.Console.csproj", "{976218A3-D8A3-4BCB-BD2C-EF842DDC0C92}"
EndProject
Global
	GlobalSection(SolutionConfigurationPlatforms) = preSolution
		Debug|Any CPU = Debug|Any CPU
		Release|Any CPU = Release|Any CPU
	EndGlobalSection
	GlobalSection(ProjectConfigurationPlatforms) = postSolution
		{A1FE39A9-92D9-4AC5-8073-2328DE483F47}.Debug|Any CPU.ActiveCfg = Debug|Any CPU
		{A1FE39A9-92D9-4AC5-8073-2328DE483F47}.Debug|Any CPU.Build.0 = Debug|Any CPU
		{A1FE39A9-92D9-4AC5-8073-2328DE483F47}.Release|Any CPU.ActiveCfg = Release|Any CPU
		{A1FE39A9-92D9-4AC5-8073-2328DE483F47}.Release|Any CPU.Build.0 = Release|Any CPU
		{D94B3FD6-90C3-4CDF-B92E-E05B3F2DE991}.Debug|Any CPU.ActiveCfg = Debug|Any CPU
		{D94B3FD6-90C3-4CDF-B92E-E05B3F2DE991}.Debug|Any CPU.Build.0 = Debug|Any CPU
		{D94B3FD6-90C3-4CDF-B92E-E05B3F2DE991}.Release|Any CPU.ActiveCfg = Release|Any CPU
		{D94B3FD6-90C3-4CDF-B92E-E05B3F2DE991}.Release|Any CPU.Build.0 = Release|Any CPU
		{FA506209-1523-4AFC-92A0-B4A03AFCBD39}.Debug|Any CPU.ActiveCfg = Debug|Any CPU
		{FA506209-1523-4AFC-92A0-B4A03AFCBD39}.Debug|Any CPU.Build.0 = Debug|Any CPU
		{FA506209-1523-4AFC-92A0-B4A03AFCBD39}.Release|Any CPU.ActiveCfg = Release|Any CPU
		{FA506209-1523-4AFC-92A0-B4A03AFCBD39}.Release|Any CPU.Build.0 = Release|Any CPU
		{976218A3-D8A3-4BCB-BD2C-EF842DDC0C92}.Debug|Any CPU.ActiveCfg = Debug|Any CPU
		{976218A3-D8A3-4BCB-BD2C-EF842DDC0C92}.Debug|Any CPU.Build.0 = Debug|Any CPU
		{976218A3-D8A3-4BCB-BD2C-EF842DDC0C92}.Release|Any CPU.ActiveCfg = Release|Any CPU
		{976218A3-D8A3-4BCB-BD2C-EF842DDC0C92}.Release|Any CPU.Build.0 = Release|Any CPU
	EndGlobalSection
	GlobalSection(SolutionProperties) = preSolution
		HideSolutionNode = FALSE
	EndGlobalSection
EndGlobal
